
Microsoft Visual Studio Solution File, Format Version 12.00
# Visual Studio 15
VisualStudioVersion = 15.0.27428.2037
MinimumVisualStudioVersion = 10.0.40219.1
Project("{FAE04EC0-301F-11D3-BF4B-00C04F79EFBC}") = "Syncfusion.Addin", "Syncfusion.Addin\Syncfusion.Addin.csproj", "{C1C0F531-3CDB-4C44-A29C-8F6A14E21CF8}"
EndProject
Project("{FAE04EC0-301F-11D3-BF4B-00C04F79EFBC}") = "AddinManager", "AddinManager\AddinManager.csproj", "{BBBB5E2B-1E07-4063-85B8-9B0FD9A9F64E}"
	ProjectSection(ProjectDependencies) = postProject
		{C1C0F531-3CDB-4C44-A29C-8F6A14E21CF8} = {C1C0F531-3CDB-4C44-A29C-8F6A14E21CF8}
	EndProjectSection
EndProject
Global
	GlobalSection(SolutionConfigurationPlatforms) = preSolution
		Debug|Any CPU = Debug|Any CPU
		Release|Any CPU = Release|Any CPU
	EndGlobalSection
	GlobalSection(ProjectConfigurationPlatforms) = postSolution
		{C1C0F531-3CDB-4C44-A29C-8F6A14E21CF8}.Debug|Any CPU.ActiveCfg = Debug|Any CPU
		{C1C0F531-3CDB-4C44-A29C-8F6A14E21CF8}.Debug|Any CPU.Build.0 = Debug|Any CPU
		{C1C0F531-3CDB-4C44-A29C-8F6A14E21CF8}.Release|Any CPU.ActiveCfg = Release|Any CPU
		{C1C0F531-3CDB-4C44-A29C-8F6A14E21CF8}.Release|Any CPU.Build.0 = Release|Any CPU
		{BBBB5E2B-1E07-4063-85B8-9B0FD9A9F64E}.Debug|Any CPU.ActiveCfg = Debug|Any CPU
		{BBBB5E2B-1E07-4063-85B8-9B0FD9A9F64E}.Debug|Any CPU.Build.0 = Debug|Any CPU
		{BBBB5E2B-1E07-4063-85B8-9B0FD9A9F64E}.Release|Any CPU.ActiveCfg = Release|Any CPU
		{BBBB5E2B-1E07-4063-85B8-9B0FD9A9F64E}.Release|Any CPU.Build.0 = Release|Any CPU
	EndGlobalSection
	GlobalSection(SolutionProperties) = preSolution
		HideSolutionNode = FALSE
	EndGlobalSection
	GlobalSection(ExtensibilityGlobals) = postSolution
		SolutionGuid = {65FA80A4-B0F9-490E-A586-466311EE887C}
	EndGlobalSection
EndGlobal
